
Microsoft Visual Studio Solution File, Format Version 12.00
# Visual Studio 2012
Project("{FAE04EC0-301F-11D3-BF4B-00C04F79EFBC}") = "Bootstrap_3", "Bootstrap_3\Bootstrap_3.csproj", "{232F4AC9-68D4-40D2-AC02-C07FAC1C362C}"
EndProject
Global
	GlobalSection(SolutionConfigurationPlatforms) = preSolution
		Debug|Any CPU = Debug|Any CPU
		Release|Any CPU = Release|Any CPU
	EndGlobalSection
	GlobalSection(ProjectConfigurationPlatforms) = postSolution
		{232F4AC9-68D4-40D2-AC02-C07FAC1C362C}.Debug|Any CPU.ActiveCfg = Debug|Any CPU
		{232F4AC9-68D4-40D2-AC02-C07FAC1C362C}.Debug|Any CPU.Build.0 = Debug|Any CPU
		{232F4AC9-68D4-40D2-AC02-C07FAC1C362C}.Release|Any CPU.ActiveCfg = Release|Any CPU
		{232F4AC9-68D4-40D2-AC02-C07FAC1C362C}.Release|Any CPU.Build.0 = Release|Any CPU
	EndGlobalSection
	GlobalSection(SolutionProperties) = preSolution
		HideSolutionNode = FALSE
	EndGlobalSection
EndGlobal
